{
  "name": "earn-avraham-demo-module-publish-test",
  "version": "1.0.0",
  "lockfileVersion": 3,
  "requires": true,
  "packages": {
    "": {
      "name": "earn-avraham-demo-module-publish-test",
      "version": "1.0.0",
      "license": "ISC",
      "dependencies": {
        "earn-avraham-demo-module-publish-test": "^1.0.0"
      }
    },
    "node_modules/earn-avraham-demo-module-publish-test": {
      "version": "1.0.0",
      "resolved": "https://registry.npmjs.org/earn-avraham-demo-module-publish-test/-/earn-avraham-demo-module-publish-test-1.0.0.tgz",
      "integrity": "sha512-cyftk9keChBHEX03MNvlqmwBkpbtV+sDd+O3VQHb3R19669mF93NPhKf5pF1lTS4v9O04nu0i7UYUAMr9eE6cw==",
      "license": "ISC"
    }
  }
}
